
Microsoft Visual Studio Solution File, Format Version 12.00
# Visual Studio 15
VisualStudioVersion = 15.0.27703.2026
MinimumVisualStudioVersion = 10.0.40219.1
Project("{FAE04EC0-301F-11D3-BF4B-00C04F79EFBC}") = "ReCreateTask", "ConsoleApp5\ReCreateTask.csproj", "{7063D35E-22FB-4E9F-8694-6B2DAF679E4F}"
EndProject
Global
	GlobalSection(SolutionConfigurationPlatforms) = preSolution
		Debug|Any CPU = Debug|Any CPU
		Release|Any CPU = Release|Any CPU
	EndGlobalSection
	GlobalSection(ProjectConfigurationPlatforms) = postSolution
		{7063D35E-22FB-4E9F-8694-6B2DAF679E4F}.Debug|Any CPU.ActiveCfg = Debug|Any CPU
		{7063D35E-22FB-4E9F-8694-6B2DAF679E4F}.Debug|Any CPU.Build.0 = Debug|Any CPU
		{7063D35E-22FB-4E9F-8694-6B2DAF679E4F}.Release|Any CPU.ActiveCfg = Release|Any CPU
		{7063D35E-22FB-4E9F-8694-6B2DAF679E4F}.Release|Any CPU.Build.0 = Release|Any CPU
	EndGlobalSection
	GlobalSection(SolutionProperties) = preSolution
		HideSolutionNode = FALSE
	EndGlobalSection
	GlobalSection(ExtensibilityGlobals) = postSolution
		SolutionGuid = {B72AAC5F-BD99-482D-A116-643C4A3F3583}
	EndGlobalSection
EndGlobal
